
Microsoft Visual Studio Solution File, Format Version 12.00
# Visual Studio 2012
Project("{FAE04EC0-301F-11D3-BF4B-00C04F79EFBC}") = "ServiceMate.API", "ServiceMate.API\ServiceMate.API.csproj", "{BEAC94A2-24CE-4881-BB02-BBAE788DC1A0}"
EndProject
Project("{FAE04EC0-301F-11D3-BF4B-00C04F79EFBC}") = "ServiceMate.Common", "ServiceMate.Common\ServiceMate.Common.csproj", "{62251B05-E88A-4D6C-A406-18245BE75EA0}"
EndProject
Project("{FAE04EC0-301F-11D3-BF4B-00C04F79EFBC}") = "ServiceMate.Repository", "ServiceMate.Repository\ServiceMate.Repository.csproj", "{E566096A-CE9F-4775-A627-C82D534EB950}"
EndProject
Project("{FAE04EC0-301F-11D3-BF4B-00C04F79EFBC}") = "ServiceMate.Web", "ServiceMate.Web\ServiceMate.Web.csproj", "{39E9FFD2-52B2-470B-B512-C1B1AB32AEA0}"
EndProject
Project("{2150E333-8FDC-42A3-9474-1A3956D46DE8}") = "SqlScript", "SqlScript", "{AEB4918B-E6DA-4EC8-A75A-5B3A8F3F9241}"
	ProjectSection(SolutionItems) = preProject
		CreateLog4NetError_Table.sql = CreateLog4NetError_Table.sql
	EndProjectSection
EndProject
Project("{FAE04EC0-301F-11D3-BF4B-00C04F79EFBC}") = "ServiceMate.Models", "ServiceMate.Models\ServiceMate.Models.csproj", "{34DE00DC-0462-4FBB-B666-9B38F23E2B05}"
EndProject
Project("{2150E333-8FDC-42A3-9474-1A3956D46DE8}") = ".nuget", ".nuget", "{E8D43822-2EA7-4C74-A31B-FC969758A89F}"
	ProjectSection(SolutionItems) = preProject
		.nuget\NuGet.Config = .nuget\NuGet.Config
		.nuget\NuGet.exe = .nuget\NuGet.exe
		.nuget\NuGet.targets = .nuget\NuGet.targets
	EndProjectSection
EndProject
Global
	GlobalSection(SolutionConfigurationPlatforms) = preSolution
		Debug|Any CPU = Debug|Any CPU
		Release|Any CPU = Release|Any CPU
	EndGlobalSection
	GlobalSection(ProjectConfigurationPlatforms) = postSolution
		{BEAC94A2-24CE-4881-BB02-BBAE788DC1A0}.Debug|Any CPU.ActiveCfg = Debug|Any CPU
		{BEAC94A2-24CE-4881-BB02-BBAE788DC1A0}.Debug|Any CPU.Build.0 = Debug|Any CPU
		{BEAC94A2-24CE-4881-BB02-BBAE788DC1A0}.Release|Any CPU.ActiveCfg = Release|Any CPU
		{BEAC94A2-24CE-4881-BB02-BBAE788DC1A0}.Release|Any CPU.Build.0 = Release|Any CPU
		{62251B05-E88A-4D6C-A406-18245BE75EA0}.Debug|Any CPU.ActiveCfg = Debug|Any CPU
		{62251B05-E88A-4D6C-A406-18245BE75EA0}.Debug|Any CPU.Build.0 = Debug|Any CPU
		{62251B05-E88A-4D6C-A406-18245BE75EA0}.Release|Any CPU.ActiveCfg = Release|Any CPU
		{62251B05-E88A-4D6C-A406-18245BE75EA0}.Release|Any CPU.Build.0 = Release|Any CPU
		{E566096A-CE9F-4775-A627-C82D534EB950}.Debug|Any CPU.ActiveCfg = Debug|Any CPU
		{E566096A-CE9F-4775-A627-C82D534EB950}.Debug|Any CPU.Build.0 = Debug|Any CPU
		{E566096A-CE9F-4775-A627-C82D534EB950}.Release|Any CPU.ActiveCfg = Release|Any CPU
		{E566096A-CE9F-4775-A627-C82D534EB950}.Release|Any CPU.Build.0 = Release|Any CPU
		{39E9FFD2-52B2-470B-B512-C1B1AB32AEA0}.Debug|Any CPU.ActiveCfg = Debug|Any CPU
		{39E9FFD2-52B2-470B-B512-C1B1AB32AEA0}.Debug|Any CPU.Build.0 = Debug|Any CPU
		{39E9FFD2-52B2-470B-B512-C1B1AB32AEA0}.Release|Any CPU.ActiveCfg = Release|Any CPU
		{39E9FFD2-52B2-470B-B512-C1B1AB32AEA0}.Release|Any CPU.Build.0 = Release|Any CPU
		{34DE00DC-0462-4FBB-B666-9B38F23E2B05}.Debug|Any CPU.ActiveCfg = Debug|Any CPU
		{34DE00DC-0462-4FBB-B666-9B38F23E2B05}.Debug|Any CPU.Build.0 = Debug|Any CPU
		{34DE00DC-0462-4FBB-B666-9B38F23E2B05}.Release|Any CPU.ActiveCfg = Release|Any CPU
		{34DE00DC-0462-4FBB-B666-9B38F23E2B05}.Release|Any CPU.Build.0 = Release|Any CPU
	EndGlobalSection
	GlobalSection(SolutionProperties) = preSolution
		HideSolutionNode = FALSE
	EndGlobalSection
EndGlobal
